// !$*UTF8*$!
{
	archiveVersion = 1;
	classes = {
	};
	objectVersion = 46;
	objects = {

/* Begin PBXBuildFile section */
		6C6DBA421EBCA20F00D92C03 /* SQLite.framework in Frameworks */ = {isa = PBXBuildFile; fileRef = 6C6DBA351EBCA1D300D92C03 /* SQLite.framework */; };
		6C6DBA441EBCB08600D92C03 /* ToDoCell.swift in Sources */ = {isa = PBXBuildFile; fileRef = 6C6DBA431EBCB08600D92C03 /* ToDoCell.swift */; };
		6CE855211EBC992800FA00B8 /* AppDelegate.swift in Sources */ = {isa = PBXBuildFile; fileRef = 6CE855201EBC992800FA00B8 /* AppDelegate.swift */; };
		6CE855231EBC992800FA00B8 /* ViewController.swift in Sources */ = {isa = PBXBuildFile; fileRef = 6CE855221EBC992800FA00B8 /* ViewController.swift */; };
		6CE855261EBC992800FA00B8 /* Main.storyboard in Resources */ = {isa = PBXBuildFile; fileRef = 6CE855241EBC992800FA00B8 /* Main.storyboard */; };
		6CE855281EBC992800FA00B8 /* Assets.xcassets in Resources */ = {isa = PBXBuildFile; fileRef = 6CE855271EBC992800FA00B8 /* Assets.xcassets */; };
		6CE8552B1EBC992800FA00B8 /* LaunchScreen.storyboard in Resources */ = {isa = PBXBuildFile; fileRef = 6CE855291EBC992800FA00B8 /* LaunchScreen.storyboard */; };
/* End PBXBuildFile section */

/* Begin PBXContainerItemProxy section */
		6C6DBA341EBCA1D300D92C03 /* PBXContainerItemProxy */ = {
			isa = PBXContainerItemProxy;
			containerPortal = 6C6DBA2A1EBCA1D200D92C03 /* SQLite.xcodeproj */;
			proxyType = 2;
			remoteGlobalIDString = EE247AD31C3F04ED00AE3E12;
			remoteInfo = "SQLite iOS";
		};
		6C6DBA361EBCA1D300D92C03 /* PBXContainerItemProxy */ = {
			isa = PBXContainerItemProxy;
			containerPortal = 6C6DBA2A1EBCA1D200D92C03 /* SQLite.xcodeproj */;
			proxyType = 2;
			remoteGlobalIDString = EE247ADD1C3F04ED00AE3E12;
			remoteInfo = "SQLiteTests iOS";
		};
		6C6DBA381EBCA1D300D92C03 /* PBXContainerItemProxy */ = {
			isa = PBXContainerItemProxy;
			containerPortal = 6C6DBA2A1EBCA1D200D92C03 /* SQLite.xcodeproj */;
			proxyType = 2;
			remoteGlobalIDString = EE247B3C1C3F3ED000AE3E12;
			remoteInfo = "SQLite Mac";
		};
		6C6DBA3A1EBCA1D300D92C03 /* PBXContainerItemProxy */ = {
			isa = PBXContainerItemProxy;
			containerPortal = 6C6DBA2A1EBCA1D200D92C03 /* SQLite.xcodeproj */;
			proxyType = 2;
			remoteGlobalIDString = EE247B451C3F3ED000AE3E12;
			remoteInfo = "SQLiteTests Mac";
		};
		6C6DBA3C1EBCA1D300D92C03 /* PBXContainerItemProxy */ = {
			isa = PBXContainerItemProxy;
			containerPortal = 6C6DBA2A1EBCA1D200D92C03 /* SQLite.xcodeproj */;
			proxyType = 2;
			remoteGlobalIDString = 03A65E5A1C6BB0F50062603F;
			remoteInfo = "SQLite tvOS";
		};
		6C6DBA3E1EBCA1D300D92C03 /* PBXContainerItemProxy */ = {
			isa = PBXContainerItemProxy;
			containerPortal = 6C6DBA2A1EBCA1D200D92C03 /* SQLite.xcodeproj */;
			proxyType = 2;
			remoteGlobalIDString = 03A65E631C6BB0F60062603F;
			remoteInfo = "SQLiteTests tvOS";
		};
		6C6DBA401EBCA1D300D92C03 /* PBXContainerItemProxy */ = {
			isa = PBXContainerItemProxy;
			containerPortal = 6C6DBA2A1EBCA1D200D92C03 /* SQLite.xcodeproj */;
			proxyType = 2;
			remoteGlobalIDString = A121AC451CA35C79005A31D1;
			remoteInfo = "SQLite watchOS";
		};
/* End PBXContainerItemProxy section */

/* Begin PBXFileReference section */
		6C6DBA2A1EBCA1D200D92C03 /* SQLite.xcodeproj */ = {isa = PBXFileReference; lastKnownFileType = "wrapper.pb-project"; name = SQLite.xcodeproj; path = "External/SQLite.swift-master/SQLite.xcodeproj"; sourceTree = "<group>"; };
		6C6DBA431EBCB08600D92C03 /* ToDoCell.swift */ = {isa = PBXFileReference; fileEncoding = 4; lastKnownFileType = sourcecode.swift; path = ToDoCell.swift; sourceTree = "<group>"; };
		6CE8551D1EBC992800FA00B8 /* YamievanWijnbergen-pset4.app */ = {isa = PBXFileReference; explicitFileType = wrapper.application; includeInIndex = 0; path = "YamievanWijnbergen-pset4.app"; sourceTree = BUILT_PRODUCTS_DIR; };
		6CE855201EBC992800FA00B8 /* AppDelegate.swift */ = {isa = PBXFileReference; lastKnownFileType = sourcecode.swift; path = AppDelegate.swift; sourceTree = "<group>"; };
		6CE855221EBC992800FA00B8 /* ViewController.swift */ = {isa = PBXFileReference; lastKnownFileType = sourcecode.swift; path = ViewController.swift; sourceTree = "<group>"; };
		6CE855251EBC992800FA00B8 /* Base */ = {isa = PBXFileReference; lastKnownFileType = file.storyboard; name = Base; path = Base.lproj/Main.storyboard; sourceTree = "<group>"; };
		6CE855271EBC992800FA00B8 /* Assets.xcassets */ = {isa = PBXFileReference; lastKnownFileType = folder.assetcatalog; path = Assets.xcassets; sourceTree = "<group>"; };
		6CE8552A1EBC992800FA00B8 /* Base */ = {isa = PBXFileReference; lastKnownFileType = file.storyboard; name = Base; path = Base.lproj/LaunchScreen.storyboard; sourceTree = "<group>"; };
		6CE8552C1EBC992800FA00B8 /* Info.plist */ = {isa = PBXFileReference; lastKnownFileType = text.plist.xml; path = Info.plist; sourceTree = "<group>"; };
/* End PBXFileReference section */

/* Begin PBXFrameworksBuildPhase section */
		6CE8551A1EBC992800FA00B8 /* Frameworks */ = {
			isa = PBXFrameworksBuildPhase;
			buildActionMask = 2147483647;
			files = (
				6C6DBA421EBCA20F00D92C03 /* SQLite.framework in Frameworks */,
			);
			runOnlyForDeploymentPostprocessing = 0;
		};
/* End PBXFrameworksBuildPhase section */

/* Begin PBXGroup section */
		6C6DBA2B1EBCA1D200D92C03 /* Products */ = {
			isa = PBXGroup;
			children = (
				6C6DBA351EBCA1D300D92C03 /* SQLite.framework */,
				6C6DBA371EBCA1D300D92C03 /* SQLiteTests iOS.xctest */,
				6C6DBA391EBCA1D300D92C03 /* SQLite.framework */,
				6C6DBA3B1EBCA1D300D92C03 /* SQLiteTests Mac.xctest */,
				6C6DBA3D1EBCA1D300D92C03 /* SQLite.framework */,
				6C6DBA3F1EBCA1D300D92C03 /* SQLiteTests tvOS.xctest */,
				6C6DBA411EBCA1D300D92C03 /* SQLite.framework */,
			);
			name = Products;
			sourceTree = "<group>";
		};
		6CE855141EBC992700FA00B8 = {
			isa = PBXGroup;
			children = (
				6CE8551F1EBC992800FA00B8 /* YamievanWijnbergen-pset4 */,
				6CE8551E1EBC992800FA00B8 /* Products */,
			);
			sourceTree = "<group>";
		};
		6CE8551E1EBC992800FA00B8 /* Products */ = {
			isa = PBXGroup;
			children = (
				6CE8551D1EBC992800FA00B8 /* YamievanWijnbergen-pset4.app */,
			);
			name = Products;
			sourceTree = "<group>";
		};
		6CE8551F1EBC992800FA00B8 /* YamievanWijnbergen-pset4 */ = {
			isa = PBXGroup;
			children = (
				6C6DBA2A1EBCA1D200D92C03 /* SQLite.xcodeproj */,
				6CE855201EBC992800FA00B8 /* AppDelegate.swift */,
				6CE855221EBC992800FA00B8 /* ViewController.swift */,
				6C6DBA431EBCB08600D92C03 /* ToDoCell.swift */,
				6CE855241EBC992800FA00B8 /* Main.storyboard */,
				6CE855271EBC992800FA00B8 /* Assets.xcassets */,
				6CE855291EBC992800FA00B8 /* LaunchScreen.storyboard */,
				6CE8552C1EBC992800FA00B8 /* Info.plist */,
			);
			path = "YamievanWijnbergen-pset4";
			sourceTree = "<group>";
		};
/* End PBXGroup section */

/* Begin PBXNativeTarget section */
		6CE8551C1EBC992800FA00B8 /* YamievanWijnbergen-pset4 */ = {
			isa = PBXNativeTarget;
			buildConfigurationList = 6CE8552F1EBC992800FA00B8 /* Build configuration list for PBXNativeTarget "YamievanWijnbergen-pset4" */;
			buildPhases = (
				6CE855191EBC992800FA00B8 /* Sources */,
				6CE8551A1EBC992800FA00B8 /* Frameworks */,
				6CE8551B1EBC992800FA00B8 /* Resources */,
			);
			buildRules = (
			);
			dependencies = (
			);
			name = "YamievanWijnbergen-pset4";
			productName = "YamievanWijnbergen-pset4";
			productReference = 6CE8551D1EBC992800FA00B8 /* YamievanWijnbergen-pset4.app */;
			productType = "com.apple.product-type.application";
		};
/* End PBXNativeTarget section */

/* Begin PBXProject section */
		6CE855151EBC992700FA00B8 /* Project object */ = {
			isa = PBXProject;
			attributes = {
				LastSwiftUpdateCheck = 0830;
				LastUpgradeCheck = 0830;
				ORGANIZATIONNAME = "Yamie van Wijnbergen";
				TargetAttributes = {
					6CE8551C1EBC992800FA00B8 = {
						CreatedOnToolsVersion = 8.3;
						DevelopmentTeam = QSD9HXK8ZS;
						ProvisioningStyle = Automatic;
					};
				};
			};
			buildConfigurationList = 6CE855181EBC992700FA00B8 /* Build configuration list for PBXProject "YamievanWijnbergen-pset4" */;
			compatibilityVersion = "Xcode 3.2";
			developmentRegion = English;
			hasScannedForEncodings = 0;
			knownRegions = (
				en,
				Base,
			);
			mainGroup = 6CE855141EBC992700FA00B8;
			productRefGroup = 6CE8551E1EBC992800FA00B8 /* Products */;
			projectDirPath = "";
			projectReferences = (
				{
					ProductGroup = 6C6DBA2B1EBCA1D200D92C03 /* Products */;
					ProjectRef = 6C6DBA2A1EBCA1D200D92C03 /* SQLite.xcodeproj */;
				},
			);
			projectRoot = "";
			targets = (
				6CE8551C1EBC992800FA00B8 /* YamievanWijnbergen-pset4 */,
			);
		};
/* End PBXProject section */

/* Begin PBXReferenceProxy section */
		6C6DBA351EBCA1D300D92C03 /* SQLite.framework */ = {
			isa = PBXReferenceProxy;
			fileType = wrapper.framework;
			path = SQLite.framework;
			remoteRef = 6C6DBA341EBCA1D300D92C03 /* PBXContainerItemProxy */;
			sourceTree = BUILT_PRODUCTS_DIR;
		};
		6C6DBA371EBCA1D300D92C03 /* SQLiteTests iOS.xctest */ = {
			isa = PBXReferenceProxy;
			fileType = wrapper.cfbundle;
			path = "SQLiteTests iOS.xctest";
			remoteRef = 6C6DBA361EBCA1D300D92C03 /* PBXContainerItemProxy */;
			sourceTree = BUILT_PRODUCTS_DIR;
		};
		6C6DBA391EBCA1D300D92C03 /* SQLite.framework */ = {
			isa = PBXReferenceProxy;
			fileType = wrapper.framework;
			path = SQLite.framework;
			remoteRef = 6C6DBA381EBCA1D300D92C03 /* PBXContainerItemProxy */;
			sourceTree = BUILT_PRODUCTS_DIR;
		};
		6C6DBA3B1EBCA1D300D92C03 /* SQLiteTests Mac.xctest */ = {
			isa = PBXReferenceProxy;
			fileType = wrapper.cfbundle;
			path = "SQLiteTests Mac.xctest";
			remoteRef = 6C6DBA3A1EBCA1D300D92C03 /* PBXContainerItemProxy */;
			sourceTree = BUILT_PRODUCTS_DIR;
		};
		6C6DBA3D1EBCA1D300D92C03 /* SQLite.framework */ = {
			isa = PBXReferenceProxy;
			fileType = wrapper.framework;
			path = SQLite.framework;
			remoteRef = 6C6DBA3C1EBCA1D300D92C03 /* PBXContainerItemProxy */;
			sourceTree = BUILT_PRODUCTS_DIR;
		};
		6C6DBA3F1EBCA1D300D92C03 /* SQLiteTests tvOS.xctest */ = {
			isa = PBXReferenceProxy;
			fileType = wrapper.cfbundle;
			path = "SQLiteTests tvOS.xctest";
			remoteRef = 6C6DBA3E1EBCA1D300D92C03 /* PBXContainerItemProxy */;
			sourceTree = BUILT_PRODUCTS_DIR;
		};
		6C6DBA411EBCA1D300D92C03 /* SQLite.framework */ = {
			isa = PBXReferenceProxy;
			fileType = wrapper.framework;
			path = SQLite.framework;
			remoteRef = 6C6DBA401EBCA1D300D92C03 /* PBXContainerItemProxy */;
			sourceTree = BUILT_PRODUCTS_DIR;
		};
/* End PBXReferenceProxy section */

/* Begin PBXResourcesBuildPhase section */
		6CE8551B1EBC992800FA00B8 /* Resources */ = {
			isa = PBXResourcesBuildPhase;
			buildActionMask = 2147483647;
			files = (
				6CE8552B1EBC992800FA00B8 /* LaunchScreen.storyboard in Resources */,
				6CE855281EBC992800FA00B8 /* Assets.xcassets in Resources */,
				6CE855261EBC992800FA00B8 /* Main.storyboard in Resources */,
			);
			runOnlyForDeploymentPostprocessing = 0;
		};
/* End PBXResourcesBuildPhase section */

/* Begin PBXSourcesBuildPhase section */
		6CE855191EBC992800FA00B8 /* Sources */ = {
			isa = PBXSourcesBuildPhase;
			buildActionMask = 2147483647;
			files = (
				6CE855231EBC992800FA00B8 /* ViewController.swift in Sources */,
				6C6DBA441EBCB08600D92C03 /* ToDoCell.swift in Sources */,
				6CE855211EBC992800FA00B8 /* AppDelegate.swift in Sources */,
			);
			runOnlyForDeploymentPostprocessing = 0;
		};
/* End PBXSourcesBuildPhase section */

/* Begin PBXVariantGroup section */
		6CE855241EBC992800FA00B8 /* Main.storyboard */ = {
			isa = PBXVariantGroup;
			children = (
				6CE855251EBC992800FA00B8 /* Base */,
			);
			name = Main.storyboard;
			sourceTree = "<group>";
		};
		6CE855291EBC992800FA00B8 /* LaunchScreen.storyboard */ = {
			isa = PBXVariantGroup;
			children = (
				6CE8552A1EBC992800FA00B8 /* Base */,
			);
			name = LaunchScreen.storyboard;
			sourceTree = "<group>";
		};
/* End PBXVariantGroup section */

/* Begin XCBuildConfiguration section */
		6CE8552D1EBC992800FA00B8 /* Debug */ = {
			isa = XCBuildConfiguration;
			buildSettings = {
				ALWAYS_SEARCH_USER_PATHS = NO;
				CLANG_ANALYZER_NONNULL = YES;
				CLANG_ANALYZER_NUMBER_OBJECT_CONVERSION = YES_AGGRESSIVE;
				CLANG_CXX_LANGUAGE_STANDARD = "gnu++0x";
				CLANG_CXX_LIBRARY = "libc++";
				CLANG_ENABLE_MODULES = YES;
				CLANG_ENABLE_OBJC_ARC = YES;
				CLANG_WARN_BOOL_CONVERSION = YES;
				CLANG_WARN_CONSTANT_CONVERSION = YES;
				CLANG_WARN_DIRECT_OBJC_ISA_USAGE = YES_ERROR;
				CLANG_WARN_DOCUMENTATION_COMMENTS = YES;
				CLANG_WARN_EMPTY_BODY = YES;
				CLANG_WARN_ENUM_CONVERSION = YES;
				CLANG_WARN_INFINITE_RECURSION = YES;
				CLANG_WARN_INT_CONVERSION = YES;
				CLANG_WARN_OBJC_ROOT_CLASS = YES_ERROR;
				CLANG_WARN_SUSPICIOUS_MOVE = YES;
				CLANG_WARN_UNREACHABLE_CODE = YES;
				CLANG_WARN__DUPLICATE_METHOD_MATCH = YES;
				"CODE_SIGN_IDENTITY[sdk=iphoneos*]" = "iPhone Developer";
				COPY_PHASE_STRIP = NO;
				DEBUG_INFORMATION_FORMAT = dwarf;
				ENABLE_STRICT_OBJC_MSGSEND = YES;
				ENABLE_TESTABILITY = YES;
				GCC_C_LANGUAGE_STANDARD = gnu99;
				GCC_DYNAMIC_NO_PIC = NO;
				GCC_NO_COMMON_BLOCKS = YES;
				GCC_OPTIMIZATION_LEVEL = 0;
				GCC_PREPROCESSOR_DEFINITIONS = (
					"DEBUG=1",
					"$(inherited)",
				);
				GCC_WARN_64_TO_32_BIT_CONVERSION = YES;
				GCC_WARN_ABOUT_RETURN_TYPE = YES_ERROR;
				GCC_WARN_UNDECLARED_SELECTOR = YES;
				GCC_WARN_UNINITIALIZED_AUTOS = YES_AGGRESSIVE;
				GCC_WARN_UNUSED_FUNCTION = YES;
				GCC_WARN_UNUSED_VARIABLE = YES;
				IPHONEOS_DEPLOYMENT_TARGET = 10.3;
				MTL_ENABLE_DEBUG_INFO = YES;
				ONLY_ACTIVE_ARCH = YES;
				SDKROOT = iphoneos;
				SWIFT_ACTIVE_COMPILATION_CONDITIONS = DEBUG;
				SWIFT_OPTIMIZATION_LEVEL = "-Onone";
				TARGETED_DEVICE_FAMILY = "1,2";
			};
			name = Debug;
		};
		6CE8552E1EBC992800FA00B8 /* Release */ = {
			isa = XCBuildConfiguration;
			buildSettings = {
				ALWAYS_SEARCH_USER_PATHS = NO;
				CLANG_ANALYZER_NONNULL = YES;
				CLANG_ANALYZER_NUMBER_OBJECT_CONVERSION = YES_AGGRESSIVE;
				CLANG_CXX_LANGUAGE_STANDARD = "gnu++0x";
				CLANG_CXX_LIBRARY = "libc++";
				CLANG_ENABLE_MODULES = YES;
				CLANG_ENABLE_OBJC_ARC = YES;
				CLANG_WARN_BOOL_CONVERSION = YES;
				CLANG_WARN_CONSTANT_CONVERSION = YES;
				CLANG_WARN_DIRECT_OBJC_ISA_USAGE = YES_ERROR;
				CLANG_WARN_DOCUMENTATION_COMMENTS = YES;
				CLANG_WARN_EMPTY_BODY = YES;
				CLANG_WARN_ENUM_CONVERSION = YES;
				CLANG_WARN_INFINITE_RECURSION = YES;
				CLANG_WARN_INT_CONVERSION = YES;
				CLANG_WARN_OBJC_ROOT_CLASS = YES_ERROR;
				CLANG_WARN_SUSPICIOUS_MOVE = YES;
				CLANG_WARN_UNREACHABLE_CODE = YES;
				CLANG_WARN__DUPLICATE_METHOD_MATCH = YES;
				"CODE_SIGN_IDENTITY[sdk=iphoneos*]" = "iPhone Developer";
				COPY_PHASE_STRIP = NO;
				DEBUG_INFORMATION_FORMAT = "dwarf-with-dsym";
				ENABLE_NS_ASSERTIONS = NO;
				ENABLE_STRICT_OBJC_MSGSEND = YES;
				GCC_C_LANGUAGE_STANDARD = gnu99;
				GCC_NO_COMMON_BLOCKS = YES;
				GCC_WARN_64_TO_32_BIT_CONVERSION = YES;
				GCC_WARN_ABOUT_RETURN_TYPE = YES_ERROR;
				GCC_WARN_UNDECLARED_SELECTOR = YES;
				GCC_WARN_UNINITIALIZED_AUTOS = YES_AGGRESSIVE;
				GCC_WARN_UNUSED_FUNCTION = YES;
				GCC_WARN_UNUSED_VARIABLE = YES;
				IPHONEOS_DEPLOYMENT_TARGET = 10.3;
				MTL_ENABLE_DEBUG_INFO = NO;
				SDKROOT = iphoneos;
				SWIFT_OPTIMIZATION_LEVEL = "-Owholemodule";
				TARGETED_DEVICE_FAMILY = "1,2";
				VALIDATE_PRODUCT = YES;
			};
			name = Release;
		};
		6CE855301EBC992800FA00B8 /* Debug */ = {
			isa = XCBuildConfiguration;
			buildSettings = {
				ASSETCATALOG_COMPILER_APPICON_NAME = AppIcon;
				DEVELOPMENT_TEAM = QSD9HXK8ZS;
				INFOPLIST_FILE = "YamievanWijnbergen-pset4/Info.plist";
				LD_RUNPATH_SEARCH_PATHS = "$(inherited) @executable_path/Frameworks";
				PRODUCT_BUNDLE_IDENTIFIER = "nl.mprog.YamievanWijnbergen-pset4";
				PRODUCT_NAME = "$(TARGET_NAME)";
				SWIFT_VERSION = 3.0;
			};
			name = Debug;
		};
		6CE855311EBC992800FA00B8 /* Release */ = {
			isa = XCBuildConfiguration;
			buildSettings = {
				ASSETCATALOG_COMPILER_APPICON_NAME = AppIcon;
				DEVELOPMENT_TEAM = QSD9HXK8ZS;
				INFOPLIST_FILE = "YamievanWijnbergen-pset4/Info.plist";
				LD_RUNPATH_SEARCH_PATHS = "$(inherited) @executable_path/Frameworks";
				PRODUCT_BUNDLE_IDENTIFIER = "nl.mprog.YamievanWijnbergen-pset4";
				PRODUCT_NAME = "$(TARGET_NAME)";
				SWIFT_VERSION = 3.0;
			};
			name = Release;
		};
/* End XCBuildConfiguration section */

/* Begin XCConfigurationList section */
		6CE855181EBC992700FA00B8 /* Build configuration list for PBXProject "YamievanWijnbergen-pset4" */ = {
			isa = XCConfigurationList;
			buildConfigurations = (
				6CE8552D1EBC992800FA00B8 /* Debug */,
				6CE8552E1EBC992800FA00B8 /* Release */,
			);
			defaultConfigurationIsVisible = 0;
			defaultConfigurationName = Release;
		};
		6CE8552F1EBC992800FA00B8 /* Build configuration list for PBXNativeTarget "YamievanWijnbergen-pset4" */ = {
			isa = XCConfigurationList;
			buildConfigurations = (
				6CE855301EBC992800FA00B8 /* Debug */,
				6CE855311EBC992800FA00B8 /* Release */,
			);
			defaultConfigurationIsVisible = 0;
			defaultConfigurationName = Release;
		};
/* End XCConfigurationList section */
	};
	rootObject = 6CE855151EBC992700FA00B8 /* Project object */;
}
